// !$*UTF8*$!
{
	archiveVersion = 1;
	classes = {
	};
	objectVersion = 48;
	objects = {

/* Begin PBXBuildFile section */
		5FC3EB7320560EA500ABCE46 /* AppDelegate.swift in Sources */ = {isa = PBXBuildFile; fileRef = 5FC3EB7220560EA500ABCE46 /* AppDelegate.swift */; };
		5FC3EB7820560EA500ABCE46 /* Main.storyboard in Resources */ = {isa = PBXBuildFile; fileRef = 5FC3EB7620560EA500ABCE46 /* Main.storyboard */; };
		5FC3EB7A20560EA500ABCE46 /* Assets.xcassets in Resources */ = {isa = PBXBuildFile; fileRef = 5FC3EB7920560EA500ABCE46 /* Assets.xcassets */; };
		5FC3EB7D20560EA500ABCE46 /* LaunchScreen.storyboard in Resources */ = {isa = PBXBuildFile; fileRef = 5FC3EB7B20560EA500ABCE46 /* LaunchScreen.storyboard */; };
		5FC3EB8820560EA500ABCE46 /* SocialAppTests.swift in Sources */ = {isa = PBXBuildFile; fileRef = 5FC3EB8720560EA500ABCE46 /* SocialAppTests.swift */; };
		5FC3EB9320560EA500ABCE46 /* SocialAppUITests.swift in Sources */ = {isa = PBXBuildFile; fileRef = 5FC3EB9220560EA500ABCE46 /* SocialAppUITests.swift */; };
		5FC3EBA22056126C00ABCE46 /* TweetViewController.swift in Sources */ = {isa = PBXBuildFile; fileRef = 5FC3EBA12056126C00ABCE46 /* TweetViewController.swift */; };
		5FC3EBA4205612B000ABCE46 /* ComposeViewController.swift in Sources */ = {isa = PBXBuildFile; fileRef = 5FC3EBA3205612B000ABCE46 /* ComposeViewController.swift */; };
		5FC3EBA72056130C00ABCE46 /* AccountsTableViewController.swift in Sources */ = {isa = PBXBuildFile; fileRef = 5FC3EBA62056130C00ABCE46 /* AccountsTableViewController.swift */; };
		5FC3EBA92056131B00ABCE46 /* FeedTableViewController.swift in Sources */ = {isa = PBXBuildFile; fileRef = 5FC3EBA82056131B00ABCE46 /* FeedTableViewController.swift */; };
		5FC3EBB92056369200ABCE46 /* TweetCell.swift in Sources */ = {isa = PBXBuildFile; fileRef = 5FC3EBB82056369200ABCE46 /* TweetCell.swift */; };
/* End PBXBuildFile section */

/* Begin PBXContainerItemProxy section */
		5FC3EB8420560EA500ABCE46 /* PBXContainerItemProxy */ = {
			isa = PBXContainerItemProxy;
			containerPortal = 5FC3EB6720560EA400ABCE46 /* Project object */;
			proxyType = 1;
			remoteGlobalIDString = 5FC3EB6E20560EA500ABCE46;
			remoteInfo = SocialApp;
		};
		5FC3EB8F20560EA500ABCE46 /* PBXContainerItemProxy */ = {
			isa = PBXContainerItemProxy;
			containerPortal = 5FC3EB6720560EA400ABCE46 /* Project object */;
			proxyType = 1;
			remoteGlobalIDString = 5FC3EB6E20560EA500ABCE46;
			remoteInfo = SocialApp;
		};
/* End PBXContainerItemProxy section */

/* Begin PBXFileReference section */
		5FC3EB6F20560EA500ABCE46 /* SocialApp.app */ = {isa = PBXFileReference; explicitFileType = wrapper.application; includeInIndex = 0; path = SocialApp.app; sourceTree = BUILT_PRODUCTS_DIR; };
		5FC3EB7220560EA500ABCE46 /* AppDelegate.swift */ = {isa = PBXFileReference; lastKnownFileType = sourcecode.swift; path = AppDelegate.swift; sourceTree = "<group>"; };
		5FC3EB7720560EA500ABCE46 /* Base */ = {isa = PBXFileReference; lastKnownFileType = file.storyboard; name = Base; path = Base.lproj/Main.storyboard; sourceTree = "<group>"; };
		5FC3EB7920560EA500ABCE46 /* Assets.xcassets */ = {isa = PBXFileReference; lastKnownFileType = folder.assetcatalog; path = Assets.xcassets; sourceTree = "<group>"; };
		5FC3EB7C20560EA500ABCE46 /* Base */ = {isa = PBXFileReference; lastKnownFileType = file.storyboard; name = Base; path = Base.lproj/LaunchScreen.storyboard; sourceTree = "<group>"; };
		5FC3EB7E20560EA500ABCE46 /* Info.plist */ = {isa = PBXFileReference; lastKnownFileType = text.plist.xml; path = Info.plist; sourceTree = "<group>"; };
		5FC3EB8320560EA500ABCE46 /* SocialAppTests.xctest */ = {isa = PBXFileReference; explicitFileType = wrapper.cfbundle; includeInIndex = 0; path = SocialAppTests.xctest; sourceTree = BUILT_PRODUCTS_DIR; };
		5FC3EB8720560EA500ABCE46 /* SocialAppTests.swift */ = {isa = PBXFileReference; lastKnownFileType = sourcecode.swift; path = SocialAppTests.swift; sourceTree = "<group>"; };
		5FC3EB8920560EA500ABCE46 /* Info.plist */ = {isa = PBXFileReference; lastKnownFileType = text.plist.xml; path = Info.plist; sourceTree = "<group>"; };
		5FC3EB8E20560EA500ABCE46 /* SocialAppUITests.xctest */ = {isa = PBXFileReference; explicitFileType = wrapper.cfbundle; includeInIndex = 0; path = SocialAppUITests.xctest; sourceTree = BUILT_PRODUCTS_DIR; };
		5FC3EB9220560EA500ABCE46 /* SocialAppUITests.swift */ = {isa = PBXFileReference; lastKnownFileType = sourcecode.swift; path = SocialAppUITests.swift; sourceTree = "<group>"; };
		5FC3EB9420560EA500ABCE46 /* Info.plist */ = {isa = PBXFileReference; lastKnownFileType = text.plist.xml; path = Info.plist; sourceTree = "<group>"; };
		5FC3EBA12056126C00ABCE46 /* TweetViewController.swift */ = {isa = PBXFileReference; lastKnownFileType = sourcecode.swift; path = TweetViewController.swift; sourceTree = "<group>"; };
		5FC3EBA3205612B000ABCE46 /* ComposeViewController.swift */ = {isa = PBXFileReference; lastKnownFileType = sourcecode.swift; path = ComposeViewController.swift; sourceTree = "<group>"; };
		5FC3EBA62056130C00ABCE46 /* AccountsTableViewController.swift */ = {isa = PBXFileReference; lastKnownFileType = sourcecode.swift; path = AccountsTableViewController.swift; sourceTree = "<group>"; };
		5FC3EBA82056131B00ABCE46 /* FeedTableViewController.swift */ = {isa = PBXFileReference; lastKnownFileType = sourcecode.swift; path = FeedTableViewController.swift; sourceTree = "<group>"; };
		5FC3EBB82056369200ABCE46 /* TweetCell.swift */ = {isa = PBXFileReference; lastKnownFileType = sourcecode.swift; path = TweetCell.swift; sourceTree = "<group>"; };
/* End PBXFileReference section */

/* Begin PBXFrameworksBuildPhase section */
		5FC3EB6C20560EA500ABCE46 /* Frameworks */ = {
			isa = PBXFrameworksBuildPhase;
			buildActionMask = 2147483647;
			files = (
			);
			runOnlyForDeploymentPostprocessing = 0;
		};
		5FC3EB8020560EA500ABCE46 /* Frameworks */ = {
			isa = PBXFrameworksBuildPhase;
			buildActionMask = 2147483647;
			files = (
			);
			runOnlyForDeploymentPostprocessing = 0;
		};
		5FC3EB8B20560EA500ABCE46 /* Frameworks */ = {
			isa = PBXFrameworksBuildPhase;
			buildActionMask = 2147483647;
			files = (
			);
			runOnlyForDeploymentPostprocessing = 0;
		};
/* End PBXFrameworksBuildPhase section */

/* Begin PBXGroup section */
		5FC3EB6620560EA400ABCE46 = {
			isa = PBXGroup;
			children = (
				5FC3EB7120560EA500ABCE46 /* SocialApp */,
				5FC3EB8620560EA500ABCE46 /* SocialAppTests */,
				5FC3EB9120560EA500ABCE46 /* SocialAppUITests */,
				5FC3EB7020560EA500ABCE46 /* Products */,
			);
			sourceTree = "<group>";
		};
		5FC3EB7020560EA500ABCE46 /* Products */ = {
			isa = PBXGroup;
			children = (
				5FC3EB6F20560EA500ABCE46 /* SocialApp.app */,
				5FC3EB8320560EA500ABCE46 /* SocialAppTests.xctest */,
				5FC3EB8E20560EA500ABCE46 /* SocialAppUITests.xctest */,
			);
			name = Products;
			sourceTree = "<group>";
		};
		5FC3EB7120560EA500ABCE46 /* SocialApp */ = {
			isa = PBXGroup;
			children = (
				5FC3EB7220560EA500ABCE46 /* AppDelegate.swift */,
				5FC3EB7620560EA500ABCE46 /* Main.storyboard */,
				5FC3EB7920560EA500ABCE46 /* Assets.xcassets */,
				5FC3EB7B20560EA500ABCE46 /* LaunchScreen.storyboard */,
				5FC3EB7E20560EA500ABCE46 /* Info.plist */,
				5FC3EBA5205612B600ABCE46 /* View Controllers */,
				5FC3EBB82056369200ABCE46 /* TweetCell.swift */,
			);
			path = SocialApp;
			sourceTree = "<group>";
		};
		5FC3EB8620560EA500ABCE46 /* SocialAppTests */ = {
			isa = PBXGroup;
			children = (
				5FC3EB8720560EA500ABCE46 /* SocialAppTests.swift */,
				5FC3EB8920560EA500ABCE46 /* Info.plist */,
			);
			path = SocialAppTests;
			sourceTree = "<group>";
		};
		5FC3EB9120560EA500ABCE46 /* SocialAppUITests */ = {
			isa = PBXGroup;
			children = (
				5FC3EB9220560EA500ABCE46 /* SocialAppUITests.swift */,
				5FC3EB9420560EA500ABCE46 /* Info.plist */,
			);
			path = SocialAppUITests;
			sourceTree = "<group>";
		};
		5FC3EBA5205612B600ABCE46 /* View Controllers */ = {
			isa = PBXGroup;
			children = (
				5FC3EBA12056126C00ABCE46 /* TweetViewController.swift */,
				5FC3EBA3205612B000ABCE46 /* ComposeViewController.swift */,
				5FC3EBA62056130C00ABCE46 /* AccountsTableViewController.swift */,
				5FC3EBA82056131B00ABCE46 /* FeedTableViewController.swift */,
			);
			path = "View Controllers";
			sourceTree = "<group>";
		};
/* End PBXGroup section */

/* Begin PBXNativeTarget section */
		5FC3EB6E20560EA500ABCE46 /* SocialApp */ = {
			isa = PBXNativeTarget;
			buildConfigurationList = 5FC3EB9720560EA500ABCE46 /* Build configuration list for PBXNativeTarget "SocialApp" */;
			buildPhases = (
				5FC3EB6B20560EA500ABCE46 /* Sources */,
				5FC3EB6C20560EA500ABCE46 /* Frameworks */,
				5FC3EB6D20560EA500ABCE46 /* Resources */,
			);
			buildRules = (
			);
			dependencies = (
			);
			name = SocialApp;
			productName = SocialApp;
			productReference = 5FC3EB6F20560EA500ABCE46 /* SocialApp.app */;
			productType = "com.apple.product-type.application";
		};
		5FC3EB8220560EA500ABCE46 /* SocialAppTests */ = {
			isa = PBXNativeTarget;
			buildConfigurationList = 5FC3EB9A20560EA500ABCE46 /* Build configuration list for PBXNativeTarget "SocialAppTests" */;
			buildPhases = (
				5FC3EB7F20560EA500ABCE46 /* Sources */,
				5FC3EB8020560EA500ABCE46 /* Frameworks */,
				5FC3EB8120560EA500ABCE46 /* Resources */,
			);
			buildRules = (
			);
			dependencies = (
				5FC3EB8520560EA500ABCE46 /* PBXTargetDependency */,
			);
			name = SocialAppTests;
			productName = SocialAppTests;
			productReference = 5FC3EB8320560EA500ABCE46 /* SocialAppTests.xctest */;
			productType = "com.apple.product-type.bundle.unit-test";
		};
		5FC3EB8D20560EA500ABCE46 /* SocialAppUITests */ = {
			isa = PBXNativeTarget;
			buildConfigurationList = 5FC3EB9D20560EA500ABCE46 /* Build configuration list for PBXNativeTarget "SocialAppUITests" */;
			buildPhases = (
				5FC3EB8A20560EA500ABCE46 /* Sources */,
				5FC3EB8B20560EA500ABCE46 /* Frameworks */,
				5FC3EB8C20560EA500ABCE46 /* Resources */,
			);
			buildRules = (
			);
			dependencies = (
				5FC3EB9020560EA500ABCE46 /* PBXTargetDependency */,
			);
			name = SocialAppUITests;
			productName = SocialAppUITests;
			productReference = 5FC3EB8E20560EA500ABCE46 /* SocialAppUITests.xctest */;
			productType = "com.apple.product-type.bundle.ui-testing";
		};
/* End PBXNativeTarget section */

/* Begin PBXProject section */
		5FC3EB6720560EA400ABCE46 /* Project object */ = {
			isa = PBXProject;
			attributes = {
				LastSwiftUpdateCheck = 0920;
				LastUpgradeCheck = 0920;
				ORGANIZATIONNAME = MikhailShadrin;
				TargetAttributes = {
					5FC3EB6E20560EA500ABCE46 = {
						CreatedOnToolsVersion = 9.2;
						ProvisioningStyle = Automatic;
					};
					5FC3EB8220560EA500ABCE46 = {
						CreatedOnToolsVersion = 9.2;
						ProvisioningStyle = Automatic;
						TestTargetID = 5FC3EB6E20560EA500ABCE46;
					};
					5FC3EB8D20560EA500ABCE46 = {
						CreatedOnToolsVersion = 9.2;
						ProvisioningStyle = Automatic;
						TestTargetID = 5FC3EB6E20560EA500ABCE46;
					};
				};
			};
			buildConfigurationList = 5FC3EB6A20560EA400ABCE46 /* Build configuration list for PBXProject "SocialApp" */;
			compatibilityVersion = "Xcode 8.0";
			developmentRegion = en;
			hasScannedForEncodings = 0;
			knownRegions = (
				en,
				Base,
			);
			mainGroup = 5FC3EB6620560EA400ABCE46;
			productRefGroup = 5FC3EB7020560EA500ABCE46 /* Products */;
			projectDirPath = "";
			projectRoot = "";
			targets = (
				5FC3EB6E20560EA500ABCE46 /* SocialApp */,
				5FC3EB8220560EA500ABCE46 /* SocialAppTests */,
				5FC3EB8D20560EA500ABCE46 /* SocialAppUITests */,
			);
		};
/* End PBXProject section */

/* Begin PBXResourcesBuildPhase section */
		5FC3EB6D20560EA500ABCE46 /* Resources */ = {
			isa = PBXResourcesBuildPhase;
			buildActionMask = 2147483647;
			files = (
				5FC3EB7D20560EA500ABCE46 /* LaunchScreen.storyboard in Resources */,
				5FC3EB7A20560EA500ABCE46 /* Assets.xcassets in Resources */,
				5FC3EB7820560EA500ABCE46 /* Main.storyboard in Resources */,
			);
			runOnlyForDeploymentPostprocessing = 0;
		};
		5FC3EB8120560EA500ABCE46 /* Resources */ = {
			isa = PBXResourcesBuildPhase;
			buildActionMask = 2147483647;
			files = (
			);
			runOnlyForDeploymentPostprocessing = 0;
		};
		5FC3EB8C20560EA500ABCE46 /* Resources */ = {
			isa = PBXResourcesBuildPhase;
			buildActionMask = 2147483647;
			files = (
			);
			runOnlyForDeploymentPostprocessing = 0;
		};
/* End PBXResourcesBuildPhase section */

/* Begin PBXSourcesBuildPhase section */
		5FC3EB6B20560EA500ABCE46 /* Sources */ = {
			isa = PBXSourcesBuildPhase;
			buildActionMask = 2147483647;
			files = (
				5FC3EBA4205612B000ABCE46 /* ComposeViewController.swift in Sources */,
				5FC3EBA72056130C00ABCE46 /* AccountsTableViewController.swift in Sources */,
				5FC3EBA92056131B00ABCE46 /* FeedTableViewController.swift in Sources */,
				5FC3EBB92056369200ABCE46 /* TweetCell.swift in Sources */,
				5FC3EBA22056126C00ABCE46 /* TweetViewController.swift in Sources */,
				5FC3EB7320560EA500ABCE46 /* AppDelegate.swift in Sources */,
			);
			runOnlyForDeploymentPostprocessing = 0;
		};
		5FC3EB7F20560EA500ABCE46 /* Sources */ = {
			isa = PBXSourcesBuildPhase;
			buildActionMask = 2147483647;
			files = (
				5FC3EB8820560EA500ABCE46 /* SocialAppTests.swift in Sources */,
			);
			runOnlyForDeploymentPostprocessing = 0;
		};
		5FC3EB8A20560EA500ABCE46 /* Sources */ = {
			isa = PBXSourcesBuildPhase;
			buildActionMask = 2147483647;
			files = (
				5FC3EB9320560EA500ABCE46 /* SocialAppUITests.swift in Sources */,
			);
			runOnlyForDeploymentPostprocessing = 0;
		};
/* End PBXSourcesBuildPhase section */

/* Begin PBXTargetDependency section */
		5FC3EB8520560EA500ABCE46 /* PBXTargetDependency */ = {
			isa = PBXTargetDependency;
			target = 5FC3EB6E20560EA500ABCE46 /* SocialApp */;
			targetProxy = 5FC3EB8420560EA500ABCE46 /* PBXContainerItemProxy */;
		};
		5FC3EB9020560EA500ABCE46 /* PBXTargetDependency */ = {
			isa = PBXTargetDependency;
			target = 5FC3EB6E20560EA500ABCE46 /* SocialApp */;
			targetProxy = 5FC3EB8F20560EA500ABCE46 /* PBXContainerItemProxy */;
		};
/* End PBXTargetDependency section */

/* Begin PBXVariantGroup section */
		5FC3EB7620560EA500ABCE46 /* Main.storyboard */ = {
			isa = PBXVariantGroup;
			children = (
				5FC3EB7720560EA500ABCE46 /* Base */,
			);
			name = Main.storyboard;
			sourceTree = "<group>";
		};
		5FC3EB7B20560EA500ABCE46 /* LaunchScreen.storyboard */ = {
			isa = PBXVariantGroup;
			children = (
				5FC3EB7C20560EA500ABCE46 /* Base */,
			);
			name = LaunchScreen.storyboard;
			sourceTree = "<group>";
		};
/* End PBXVariantGroup section */

/* Begin XCBuildConfiguration section */
		5FC3EB9520560EA500ABCE46 /* Debug */ = {
			isa = XCBuildConfiguration;
			buildSettings = {
				ALWAYS_SEARCH_USER_PATHS = NO;
				CLANG_ANALYZER_NONNULL = YES;
				CLANG_ANALYZER_NUMBER_OBJECT_CONVERSION = YES_AGGRESSIVE;
				CLANG_CXX_LANGUAGE_STANDARD = "gnu++14";
				CLANG_CXX_LIBRARY = "libc++";
				CLANG_ENABLE_MODULES = YES;
				CLANG_ENABLE_OBJC_ARC = YES;
				CLANG_WARN_BLOCK_CAPTURE_AUTORELEASING = YES;
				CLANG_WARN_BOOL_CONVERSION = YES;
				CLANG_WARN_COMMA = YES;
				CLANG_WARN_CONSTANT_CONVERSION = YES;
				CLANG_WARN_DIRECT_OBJC_ISA_USAGE = YES_ERROR;
				CLANG_WARN_DOCUMENTATION_COMMENTS = YES;
				CLANG_WARN_EMPTY_BODY = YES;
				CLANG_WARN_ENUM_CONVERSION = YES;
				CLANG_WARN_INFINITE_RECURSION = YES;
				CLANG_WARN_INT_CONVERSION = YES;
				CLANG_WARN_NON_LITERAL_NULL_CONVERSION = YES;
				CLANG_WARN_OBJC_LITERAL_CONVERSION = YES;
				CLANG_WARN_OBJC_ROOT_CLASS = YES_ERROR;
				CLANG_WARN_RANGE_LOOP_ANALYSIS = YES;
				CLANG_WARN_STRICT_PROTOTYPES = YES;
				CLANG_WARN_SUSPICIOUS_MOVE = YES;
				CLANG_WARN_UNGUARDED_AVAILABILITY = YES_AGGRESSIVE;
				CLANG_WARN_UNREACHABLE_CODE = YES;
				CLANG_WARN__DUPLICATE_METHOD_MATCH = YES;
				CODE_SIGN_IDENTITY = "iPhone Developer";
				COPY_PHASE_STRIP = NO;
				DEBUG_INFORMATION_FORMAT = dwarf;
				ENABLE_STRICT_OBJC_MSGSEND = YES;
				ENABLE_TESTABILITY = YES;
				GCC_C_LANGUAGE_STANDARD = gnu11;
				GCC_DYNAMIC_NO_PIC = NO;
				GCC_NO_COMMON_BLOCKS = YES;
				GCC_OPTIMIZATION_LEVEL = 0;
				GCC_PREPROCESSOR_DEFINITIONS = (
					"DEBUG=1",
					"$(inherited)",
				);
				GCC_WARN_64_TO_32_BIT_CONVERSION = YES;
				GCC_WARN_ABOUT_RETURN_TYPE = YES_ERROR;
				GCC_WARN_UNDECLARED_SELECTOR = YES;
				GCC_WARN_UNINITIALIZED_AUTOS = YES_AGGRESSIVE;
				GCC_WARN_UNUSED_FUNCTION = YES;
				GCC_WARN_UNUSED_VARIABLE = YES;
				IPHONEOS_DEPLOYMENT_TARGET = 11.2;
				MTL_ENABLE_DEBUG_INFO = YES;
				ONLY_ACTIVE_ARCH = YES;
				SDKROOT = iphoneos;
				SWIFT_ACTIVE_COMPILATION_CONDITIONS = DEBUG;
				SWIFT_OPTIMIZATION_LEVEL = "-Onone";
			};
			name = Debug;
		};
		5FC3EB9620560EA500ABCE46 /* Release */ = {
			isa = XCBuildConfiguration;
			buildSettings = {
				ALWAYS_SEARCH_USER_PATHS = NO;
				CLANG_ANALYZER_NONNULL = YES;
				CLANG_ANALYZER_NUMBER_OBJECT_CONVERSION = YES_AGGRESSIVE;
				CLANG_CXX_LANGUAGE_STANDARD = "gnu++14";
				CLANG_CXX_LIBRARY = "libc++";
				CLANG_ENABLE_MODULES = YES;
				CLANG_ENABLE_OBJC_ARC = YES;
				CLANG_WARN_BLOCK_CAPTURE_AUTORELEASING = YES;
				CLANG_WARN_BOOL_CONVERSION = YES;
				CLANG_WARN_COMMA = YES;
				CLANG_WARN_CONSTANT_CONVERSION = YES;
				CLANG_WARN_DIRECT_OBJC_ISA_USAGE = YES_ERROR;
				CLANG_WARN_DOCUMENTATION_COMMENTS = YES;
				CLANG_WARN_EMPTY_BODY = YES;
				CLANG_WARN_ENUM_CONVERSION = YES;
				CLANG_WARN_INFINITE_RECURSION = YES;
				CLANG_WARN_INT_CONVERSION = YES;
				CLANG_WARN_NON_LITERAL_NULL_CONVERSION = YES;
				CLANG_WARN_OBJC_LITERAL_CONVERSION = YES;
				CLANG_WARN_OBJC_ROOT_CLASS = YES_ERROR;
				CLANG_WARN_RANGE_LOOP_ANALYSIS = YES;
				CLANG_WARN_STRICT_PROTOTYPES = YES;
				CLANG_WARN_SUSPICIOUS_MOVE = YES;
				CLANG_WARN_UNGUARDED_AVAILABILITY = YES_AGGRESSIVE;
				CLANG_WARN_UNREACHABLE_CODE = YES;
				CLANG_WARN__DUPLICATE_METHOD_MATCH = YES;
				CODE_SIGN_IDENTITY = "iPhone Developer";
				COPY_PHASE_STRIP = NO;
				DEBUG_INFORMATION_FORMAT = "dwarf-with-dsym";
				ENABLE_NS_ASSERTIONS = NO;
				ENABLE_STRICT_OBJC_MSGSEND = YES;
				GCC_C_LANGUAGE_STANDARD = gnu11;
				GCC_NO_COMMON_BLOCKS = YES;
				GCC_WARN_64_TO_32_BIT_CONVERSION = YES;
				GCC_WARN_ABOUT_RETURN_TYPE = YES_ERROR;
				GCC_WARN_UNDECLARED_SELECTOR = YES;
				GCC_WARN_UNINITIALIZED_AUTOS = YES_AGGRESSIVE;
				GCC_WARN_UNUSED_FUNCTION = YES;
				GCC_WARN_UNUSED_VARIABLE = YES;
				IPHONEOS_DEPLOYMENT_TARGET = 11.2;
				MTL_ENABLE_DEBUG_INFO = NO;
				SDKROOT = iphoneos;
				SWIFT_OPTIMIZATION_LEVEL = "-Owholemodule";
				VALIDATE_PRODUCT = YES;
			};
			name = Release;
		};
		5FC3EB9820560EA500ABCE46 /* Debug */ = {
			isa = XCBuildConfiguration;
			buildSettings = {
				ASSETCATALOG_COMPILER_APPICON_NAME = AppIcon;
				CODE_SIGN_STYLE = Automatic;
				DEVELOPMENT_TEAM = 5K65422GVA;
				FRAMEWORK_SEARCH_PATHS = (
					"$(inherited)",
					"$(PROJECT_DIR)/Twitter-Kit-iOS",
				);
				INFOPLIST_FILE = SocialApp/Info.plist;
				IPHONEOS_DEPLOYMENT_TARGET = 10.0;
				LD_RUNPATH_SEARCH_PATHS = "$(inherited) @executable_path/Frameworks";
				PRODUCT_BUNDLE_IDENTIFIER = MikhailShadrin.SocialApp;
				PRODUCT_NAME = "$(TARGET_NAME)";
				SWIFT_VERSION = 4.0;
				TARGETED_DEVICE_FAMILY = "1,2";
			};
			name = Debug;
		};
		5FC3EB9920560EA500ABCE46 /* Release */ = {
			isa = XCBuildConfiguration;
			buildSettings = {
				ASSETCATALOG_COMPILER_APPICON_NAME = AppIcon;
				CODE_SIGN_STYLE = Automatic;
				DEVELOPMENT_TEAM = 5K65422GVA;
				FRAMEWORK_SEARCH_PATHS = (
					"$(inherited)",
					"$(PROJECT_DIR)/Twitter-Kit-iOS",
				);
				INFOPLIST_FILE = SocialApp/Info.plist;
				IPHONEOS_DEPLOYMENT_TARGET = 10.0;
				LD_RUNPATH_SEARCH_PATHS = "$(inherited) @executable_path/Frameworks";
				PRODUCT_BUNDLE_IDENTIFIER = MikhailShadrin.SocialApp;
				PRODUCT_NAME = "$(TARGET_NAME)";
				SWIFT_VERSION = 4.0;
				TARGETED_DEVICE_FAMILY = "1,2";
			};
			name = Release;
		};
		5FC3EB9B20560EA500ABCE46 /* Debug */ = {
			isa = XCBuildConfiguration;
			buildSettings = {
				ALWAYS_EMBED_SWIFT_STANDARD_LIBRARIES = YES;
				BUNDLE_LOADER = "$(TEST_HOST)";
				CODE_SIGN_STYLE = Automatic;
				DEVELOPMENT_TEAM = 5K65422GVA;
				INFOPLIST_FILE = SocialAppTests/Info.plist;
				LD_RUNPATH_SEARCH_PATHS = "$(inherited) @executable_path/Frameworks @loader_path/Frameworks";
				PRODUCT_BUNDLE_IDENTIFIER = MikhailShadrin.SocialAppTests;
				PRODUCT_NAME = "$(TARGET_NAME)";
				SWIFT_VERSION = 4.0;
				TARGETED_DEVICE_FAMILY = "1,2";
				TEST_HOST = "$(BUILT_PRODUCTS_DIR)/SocialApp.app/SocialApp";
			};
			name = Debug;
		};
		5FC3EB9C20560EA500ABCE46 /* Release */ = {
			isa = XCBuildConfiguration;
			buildSettings = {
				ALWAYS_EMBED_SWIFT_STANDARD_LIBRARIES = YES;
				BUNDLE_LOADER = "$(TEST_HOST)";
				CODE_SIGN_STYLE = Automatic;
				DEVELOPMENT_TEAM = 5K65422GVA;
				INFOPLIST_FILE = SocialAppTests/Info.plist;
				LD_RUNPATH_SEARCH_PATHS = "$(inherited) @executable_path/Frameworks @loader_path/Frameworks";
				PRODUCT_BUNDLE_IDENTIFIER = MikhailShadrin.SocialAppTests;
				PRODUCT_NAME = "$(TARGET_NAME)";
				SWIFT_VERSION = 4.0;
				TARGETED_DEVICE_FAMILY = "1,2";
				TEST_HOST = "$(BUILT_PRODUCTS_DIR)/SocialApp.app/SocialApp";
			};
			name = Release;
		};
		5FC3EB9E20560EA500ABCE46 /* Debug */ = {
			isa = XCBuildConfiguration;
			buildSettings = {
				ALWAYS_EMBED_SWIFT_STANDARD_LIBRARIES = YES;
				CODE_SIGN_STYLE = Automatic;
				DEVELOPMENT_TEAM = 5K65422GVA;
				INFOPLIST_FILE = SocialAppUITests/Info.plist;
				LD_RUNPATH_SEARCH_PATHS = "$(inherited) @executable_path/Frameworks @loader_path/Frameworks";
				PRODUCT_BUNDLE_IDENTIFIER = MikhailShadrin.SocialAppUITests;
				PRODUCT_NAME = "$(TARGET_NAME)";
				SWIFT_VERSION = 4.0;
				TARGETED_DEVICE_FAMILY = "1,2";
				TEST_TARGET_NAME = SocialApp;
			};
			name = Debug;
		};
		5FC3EB9F20560EA500ABCE46 /* Release */ = {
			isa = XCBuildConfiguration;
			buildSettings = {
				ALWAYS_EMBED_SWIFT_STANDARD_LIBRARIES = YES;
				CODE_SIGN_STYLE = Automatic;
				DEVELOPMENT_TEAM = 5K65422GVA;
				INFOPLIST_FILE = SocialAppUITests/Info.plist;
				LD_RUNPATH_SEARCH_PATHS = "$(inherited) @executable_path/Frameworks @loader_path/Frameworks";
				PRODUCT_BUNDLE_IDENTIFIER = MikhailShadrin.SocialAppUITests;
				PRODUCT_NAME = "$(TARGET_NAME)";
				SWIFT_VERSION = 4.0;
				TARGETED_DEVICE_FAMILY = "1,2";
				TEST_TARGET_NAME = SocialApp;
			};
			name = Release;
		};
/* End XCBuildConfiguration section */

/* Begin XCConfigurationList section */
		5FC3EB6A20560EA400ABCE46 /* Build configuration list for PBXProject "SocialApp" */ = {
			isa = XCConfigurationList;
			buildConfigurations = (
				5FC3EB9520560EA500ABCE46 /* Debug */,
				5FC3EB9620560EA500ABCE46 /* Release */,
			);
			defaultConfigurationIsVisible = 0;
			defaultConfigurationName = Release;
		};
		5FC3EB9720560EA500ABCE46 /* Build configuration list for PBXNativeTarget "SocialApp" */ = {
			isa = XCConfigurationList;
			buildConfigurations = (
				5FC3EB9820560EA500ABCE46 /* Debug */,
				5FC3EB9920560EA500ABCE46 /* Release */,
			);
			defaultConfigurationIsVisible = 0;
			defaultConfigurationName = Release;
		};
		5FC3EB9A20560EA500ABCE46 /* Build configuration list for PBXNativeTarget "SocialAppTests" */ = {
			isa = XCConfigurationList;
			buildConfigurations = (
				5FC3EB9B20560EA500ABCE46 /* Debug */,
				5FC3EB9C20560EA500ABCE46 /* Release */,
			);
			defaultConfigurationIsVisible = 0;
			defaultConfigurationName = Release;
		};
		5FC3EB9D20560EA500ABCE46 /* Build configuration list for PBXNativeTarget "SocialAppUITests" */ = {
			isa = XCConfigurationList;
			buildConfigurations = (
				5FC3EB9E20560EA500ABCE46 /* Debug */,
				5FC3EB9F20560EA500ABCE46 /* Release */,
			);
			defaultConfigurationIsVisible = 0;
			defaultConfigurationName = Release;
		};
/* End XCConfigurationList section */
	};
	rootObject = 5FC3EB6720560EA400ABCE46 /* Project object */;
}
